version = 1
revision = 3
requires-python = "==3.11.*"
resolution-markers = [
    "sys_platform == 'darwin'",
    "sys_platform == 'linux'",
]
supported-markers = [
    "sys_platform == 'darwin'",
    "sys_platform == 'linux'",
]

[[package]]
name = "blender-pasty"
version = "0.0.0"
source = { virtual = "." }

[package.dev-dependencies]
build = [
    { name = "bpy", marker = "sys_platform == 'darwin' or sys_platform == 'linux'" },
]
dev = [
    { name = "fake-bpy-module", marker = "sys_platform == 'darwin' or sys_platform == 'linux'" },
    { name = "ruff", marker = "sys_platform == 'darwin' or sys_platform == 'linux'" },
    { name = "ty", marker = "sys_platform == 'darwin' or sys_platform == 'linux'" },
]

[package.metadata]

[package.metadata.requires-dev]
build = [{ name = "bpy", specifier = ">=4.5.1" }]
dev = [
    { name = "fake-bpy-module", specifier = ">=20250630" },
    { name = "ruff", specifier = ">=0.12.7" },
    { name = "ty", specifier = ">=0.0.1a17" },
]

[[package]]
name = "bpy"
version = "4.5.1"
source = { registry = "https://pypi.org/simple" }
dependencies = [
    { name = "cython", marker = "sys_platform == 'darwin' or sys_platform == 'linux'" },
    { name = "numpy", marker = "sys_platform == 'darwin' or sys_platform == 'linux'" },
    { name = "requests", marker = "sys_platform == 'darwin' or sys_platform == 'linux'" },
    { name = "zstandard", marker = "sys_platform == 'darwin' or sys_platform == 'linux'" },
]
wheels = [
    { url = "https://files.pythonhosted.org/packages/7d/c4/496423f41dc8704338215eb01f58fbbcc3a145c6285e50a27917d742b4dc/bpy-4.5.1-cp311-cp311-macosx_11_0_arm64.whl", hash = "sha256:6bdadef67ad78ee448433c556ef6b21172ea7e1e50078f07a170d3d2c4b2ceb1", size = 220883524, upload-time = "2025-07-30T09:33:16.153Z" },
    { url = "https://files.pythonhosted.org/packages/eb/12/fe48019ac86a5a092588fbde6f04b5f7438f68522ff48707bb8e92cceaad/bpy-4.5.1-cp311-cp311-macosx_11_0_x86_64.whl", hash = "sha256:0905fabec6ac9d6775ff88062bee2424344ab75b311be5ed566834c0c7f8415a", size = 235110203, upload-time = "2025-07-30T09:31:54.565Z" },
    { url = "https://files.pythonhosted.org/packages/b9/8b/188272feeb17091b3200b2cddb0836b503b12ad19cfc054425ffba2ad9e3/bpy-4.5.1-cp311-cp311-manylinux_2_28_x86_64.whl", hash = "sha256:f8cd41c8f8f13e4aa77a7eb0ba4d95d2b8bcc3241ae72acdff3bc6d2558b9e3c", size = 372993828, upload-time = "2025-07-30T09:32:57.019Z" },
]

[[package]]
name = "certifi"
version = "2025.8.3"
source = { registry = "https://pypi.org/simple" }
sdist = { url = "https://files.pythonhosted.org/packages/dc/67/960ebe6bf230a96cda2e0abcf73af550ec4f090005363542f0765df162e0/certifi-2025.8.3.tar.gz", hash = "sha256:e564105f78ded564e3ae7c923924435e1daa7463faeab5bb932bc53ffae63407", size = 162386, upload-time = "2025-08-03T03:07:47.08Z" }
wheels = [
    { url = "https://files.pythonhosted.org/packages/e5/48/1549795ba7742c948d2ad169c1c8cdbae65bc450d6cd753d124b17c8cd32/certifi-2025.8.3-py3-none-any.whl", hash = "sha256:f6c12493cfb1b06ba2ff328595af9350c65d6644968e5d3a2ffd78699af217a5", size = 161216, upload-time = "2025-08-03T03:07:45.777Z" },
]

[[package]]
name = "cffi"
version = "1.17.1"
source = { registry = "https://pypi.org/simple" }
dependencies = [
    { name = "pycparser", marker = "sys_platform == 'darwin' or sys_platform == 'linux'" },
]
sdist = { url = "https://files.pythonhosted.org/packages/fc/97/c783634659c2920c3fc70419e3af40972dbaf758daa229a7d6ea6135c90d/cffi-1.17.1.tar.gz", hash = "sha256:1c39c6016c32bc48dd54561950ebd6836e1670f2ae46128f67cf49e789c52824", size = 516621, upload-time = "2024-09-04T20:45:21.852Z" }
wheels = [
    { url = "https://files.pythonhosted.org/packages/6b/f4/927e3a8899e52a27fa57a48607ff7dc91a9ebe97399b357b85a0c7892e00/cffi-1.17.1-cp311-cp311-macosx_10_9_x86_64.whl", hash = "sha256:a45e3c6913c5b87b3ff120dcdc03f6131fa0065027d0ed7ee6190736a74cd401", size = 182264, upload-time = "2024-09-04T20:43:51.124Z" },
    { url = "https://files.pythonhosted.org/packages/6c/f5/6c3a8efe5f503175aaddcbea6ad0d2c96dad6f5abb205750d1b3df44ef29/cffi-1.17.1-cp311-cp311-macosx_11_0_arm64.whl", hash = "sha256:30c5e0cb5ae493c04c8b42916e52ca38079f1b235c2f8ae5f4527b963c401caf", size = 178651, upload-time = "2024-09-04T20:43:52.872Z" },
    { url = "https://files.pythonhosted.org/packages/94/dd/a3f0118e688d1b1a57553da23b16bdade96d2f9bcda4d32e7d2838047ff7/cffi-1.17.1-cp311-cp311-manylinux_2_12_i686.manylinux2010_i686.manylinux_2_17_i686.manylinux2014_i686.whl", hash = "sha256:f75c7ab1f9e4aca5414ed4d8e5c0e303a34f4421f8a0d47a4d019ceff0ab6af4", size = 445259, upload-time = "2024-09-04T20:43:56.123Z" },
    { url = "https://files.pythonhosted.org/packages/2e/ea/70ce63780f096e16ce8588efe039d3c4f91deb1dc01e9c73a287939c79a6/cffi-1.17.1-cp311-cp311-manylinux_2_17_aarch64.manylinux2014_aarch64.whl", hash = "sha256:a1ed2dd2972641495a3ec98445e09766f077aee98a1c896dcb4ad0d303628e41", size = 469200, upload-time = "2024-09-04T20:43:57.891Z" },
    { url = "https://files.pythonhosted.org/packages/1c/a0/a4fa9f4f781bda074c3ddd57a572b060fa0df7655d2a4247bbe277200146/cffi-1.17.1-cp311-cp311-manylinux_2_17_ppc64le.manylinux2014_ppc64le.whl", hash = "sha256:46bf43160c1a35f7ec506d254e5c890f3c03648a4dbac12d624e4490a7046cd1", size = 477235, upload-time = "2024-09-04T20:44:00.18Z" },
    { url = "https://files.pythonhosted.org/packages/62/12/ce8710b5b8affbcdd5c6e367217c242524ad17a02fe5beec3ee339f69f85/cffi-1.17.1-cp311-cp311-manylinux_2_17_s390x.manylinux2014_s390x.whl", hash = "sha256:a24ed04c8ffd54b0729c07cee15a81d964e6fee0e3d4d342a27b020d22959dc6", size = 459721, upload-time = "2024-09-04T20:44:01.585Z" },
    { url = "https://files.pythonhosted.org/packages/ff/6b/d45873c5e0242196f042d555526f92aa9e0c32355a1be1ff8c27f077fd37/cffi-1.17.1-cp311-cp311-manylinux_2_17_x86_64.manylinux2014_x86_64.whl", hash = "sha256:610faea79c43e44c71e1ec53a554553fa22321b65fae24889706c0a84d4ad86d", size = 467242, upload-time = "2024-09-04T20:44:03.467Z" },
    { url = "https://files.pythonhosted.org/packages/1a/52/d9a0e523a572fbccf2955f5abe883cfa8bcc570d7faeee06336fbd50c9fc/cffi-1.17.1-cp311-cp311-musllinux_1_1_aarch64.whl", hash = "sha256:a9b15d491f3ad5d692e11f6b71f7857e7835eb677955c00cc0aefcd0669adaf6", size = 477999, upload-time = "2024-09-04T20:44:05.023Z" },
    { url = "https://files.pythonhosted.org/packages/44/74/f2a2460684a1a2d00ca799ad880d54652841a780c4c97b87754f660c7603/cffi-1.17.1-cp311-cp311-musllinux_1_1_i686.whl", hash = "sha256:de2ea4b5833625383e464549fec1bc395c1bdeeb5f25c4a3a82b5a8c756ec22f", size = 454242, upload-time = "2024-09-04T20:44:06.444Z" },
    { url = "https://files.pythonhosted.org/packages/f8/4a/34599cac7dfcd888ff54e801afe06a19c17787dfd94495ab0c8d35fe99fb/cffi-1.17.1-cp311-cp311-musllinux_1_1_x86_64.whl", hash = "sha256:fc48c783f9c87e60831201f2cce7f3b2e4846bf4d8728eabe54d60700b318a0b", size = 478604, upload-time = "2024-09-04T20:44:08.206Z" },
]

[[package]]
name = "charset-normalizer"
version = "3.4.3"
source = { registry = "https://pypi.org/simple" }
sdist = { url = "https://files.pythonhosted.org/packages/83/2d/5fd176ceb9b2fc619e63405525573493ca23441330fcdaee6bef9460e924/charset_normalizer-3.4.3.tar.gz", hash = "sha256:6fce4b8500244f6fcb71465d4a4930d132ba9ab8e71a7859e6a5d59851068d14", size = 122371, upload-time = "2025-08-09T07:57:28.46Z" }
wheels = [
    { url = "https://files.pythonhosted.org/packages/7f/b5/991245018615474a60965a7c9cd2b4efbaabd16d582a5547c47ee1c7730b/charset_normalizer-3.4.3-cp311-cp311-macosx_10_9_universal2.whl", hash = "sha256:b256ee2e749283ef3ddcff51a675ff43798d92d746d1a6e4631bf8c707d22d0b", size = 204483, upload-time = "2025-08-09T07:55:53.12Z" },
    { url = "https://files.pythonhosted.org/packages/c7/2a/ae245c41c06299ec18262825c1569c5d3298fc920e4ddf56ab011b417efd/charset_normalizer-3.4.3-cp311-cp311-manylinux2014_aarch64.manylinux_2_17_aarch64.manylinux_2_28_aarch64.whl", hash = "sha256:13faeacfe61784e2559e690fc53fa4c5ae97c6fcedb8eb6fb8d0a15b475d2c64", size = 145520, upload-time = "2025-08-09T07:55:54.712Z" },
    { url = "https://files.pythonhosted.org/packages/3a/a4/b3b6c76e7a635748c4421d2b92c7b8f90a432f98bda5082049af37ffc8e3/charset_normalizer-3.4.3-cp311-cp311-manylinux2014_ppc64le.manylinux_2_17_ppc64le.manylinux_2_28_ppc64le.whl", hash = "sha256:00237675befef519d9af72169d8604a067d92755e84fe76492fef5441db05b91", size = 158876, upload-time = "2025-08-09T07:55:56.024Z" },
    { url = "https://files.pythonhosted.org/packages/e2/e6/63bb0e10f90a8243c5def74b5b105b3bbbfb3e7bb753915fe333fb0c11ea/charset_normalizer-3.4.3-cp311-cp311-manylinux2014_s390x.manylinux_2_17_s390x.manylinux_2_28_s390x.whl", hash = "sha256:585f3b2a80fbd26b048a0be90c5aae8f06605d3c92615911c3a2b03a8a3b796f", size = 156083, upload-time = "2025-08-09T07:55:57.582Z" },
    { url = "https://files.pythonhosted.org/packages/87/df/b7737ff046c974b183ea9aa111b74185ac8c3a326c6262d413bd5a1b8c69/charset_normalizer-3.4.3-cp311-cp311-manylinux2014_x86_64.manylinux_2_17_x86_64.manylinux_2_28_x86_64.whl", hash = "sha256:0e78314bdc32fa80696f72fa16dc61168fda4d6a0c014e0380f9d02f0e5d8a07", size = 150295, upload-time = "2025-08-09T07:55:59.147Z" },
    { url = "https://files.pythonhosted.org/packages/61/f1/190d9977e0084d3f1dc169acd060d479bbbc71b90bf3e7bf7b9927dec3eb/charset_normalizer-3.4.3-cp311-cp311-musllinux_1_2_aarch64.whl", hash = "sha256:96b2b3d1a83ad55310de8c7b4a2d04d9277d5591f40761274856635acc5fcb30", size = 148379, upload-time = "2025-08-09T07:56:00.364Z" },
    { url = "https://files.pythonhosted.org/packages/4c/92/27dbe365d34c68cfe0ca76f1edd70e8705d82b378cb54ebbaeabc2e3029d/charset_normalizer-3.4.3-cp311-cp311-musllinux_1_2_ppc64le.whl", hash = "sha256:939578d9d8fd4299220161fdd76e86c6a251987476f5243e8864a7844476ba14", size = 160018, upload-time = "2025-08-09T07:56:01.678Z" },
    { url = "https://files.pythonhosted.org/packages/99/04/baae2a1ea1893a01635d475b9261c889a18fd48393634b6270827869fa34/charset_normalizer-3.4.3-cp311-cp311-musllinux_1_2_s390x.whl", hash = "sha256:fd10de089bcdcd1be95a2f73dbe6254798ec1bda9f450d5828c96f93e2536b9c", size = 157430, upload-time = "2025-08-09T07:56:02.87Z" },
    { url = "https://files.pythonhosted.org/packages/2f/36/77da9c6a328c54d17b960c89eccacfab8271fdaaa228305330915b88afa9/charset_normalizer-3.4.3-cp311-cp311-musllinux_1_2_x86_64.whl", hash = "sha256:1e8ac75d72fa3775e0b7cb7e4629cec13b7514d928d15ef8ea06bca03ef01cae", size = 151600, upload-time = "2025-08-09T07:56:04.089Z" },
    { url = "https://files.pythonhosted.org/packages/8a/1f/f041989e93b001bc4e44bb1669ccdcf54d3f00e628229a85b08d330615c5/charset_normalizer-3.4.3-py3-none-any.whl", hash = "sha256:ce571ab16d890d23b5c278547ba694193a45011ff86a9162a71307ed9f86759a", size = 53175, upload-time = "2025-08-09T07:57:26.864Z" },
]

[[package]]
name = "cython"
version = "3.1.2"
source = { registry = "https://pypi.org/simple" }
sdist = { url = "https://files.pythonhosted.org/packages/18/40/7b17cd866158238db704965da1b5849af261dbad393ea3ac966f934b2d39/cython-3.1.2.tar.gz", hash = "sha256:6bbf7a953fa6762dfecdec015e3b054ba51c0121a45ad851fa130f63f5331381", size = 3184825, upload-time = "2025-06-09T07:08:48.465Z" }
wheels = [
    { url = "https://files.pythonhosted.org/packages/1f/de/502ddebaf5fe78f13cd6361acdd74710d3a5b15c22a9edc0ea4c873a59a5/cython-3.1.2-cp311-cp311-macosx_10_9_x86_64.whl", hash = "sha256:5548573e0912d7dc80579827493315384c462e2f15797b91a8ed177686d31eb9", size = 3007792, upload-time = "2025-06-09T07:09:28.777Z" },
    { url = "https://files.pythonhosted.org/packages/bb/c8/91b00bc68effba9ba1ff5b33988052ac4d98fc1ac3021ade7261661299c6/cython-3.1.2-cp311-cp311-macosx_11_0_arm64.whl", hash = "sha256:4bf3ea5bc50d80762c490f42846820a868a6406fdb5878ae9e4cc2f11b50228a", size = 2870798, upload-time = "2025-06-09T07:09:30.745Z" },
    { url = "https://files.pythonhosted.org/packages/f4/4b/29d290f14607785112c00a5e1685d766f433531bbd6a11ad229ab61b7a70/cython-3.1.2-cp311-cp311-manylinux_2_17_aarch64.manylinux2014_aarch64.whl", hash = "sha256:20ce53951d06ab2bca39f153d9c5add1d631c2a44d58bf67288c9d631be9724e", size = 3131280, upload-time = "2025-06-09T07:09:32.785Z" },
    { url = "https://files.pythonhosted.org/packages/38/3c/7c61e9ce25377ec7c4aa0b7ceeed34559ebca7b5cfd384672ba64eeaa4ba/cython-3.1.2-cp311-cp311-manylinux_2_17_x86_64.manylinux2014_x86_64.whl", hash = "sha256:e05a36224e3002d48c7c1c695b3771343bd16bc57eab60d6c5d5e08f3cbbafd8", size = 3223898, upload-time = "2025-06-09T07:09:35.345Z" },
    { url = "https://files.pythonhosted.org/packages/10/96/2d3fbe7e50e98b53ac86fefb48b64262b2e1304b3495e8e25b3cd1c3473e/cython-3.1.2-cp311-cp311-manylinux_2_5_i686.manylinux1_i686.manylinux_2_17_i686.manylinux2014_i686.whl", hash = "sha256:dbc0fc0777c7ab82297c01c61a1161093a22a41714f62e8c35188a309bd5db8e", size = 3291527, upload-time = "2025-06-09T07:09:37.502Z" },
    { url = "https://files.pythonhosted.org/packages/bd/e4/4cd3624e250d86f05bdb121a567865b9cca75cdc6dce4eedd68e626ea4f8/cython-3.1.2-cp311-cp311-musllinux_1_2_aarch64.whl", hash = "sha256:18161ef3dd0e90a944daa2be468dd27696712a5f792d6289e97d2a31298ad688", size = 3184034, upload-time = "2025-06-09T07:09:40.225Z" },
    { url = "https://files.pythonhosted.org/packages/24/de/f8c1243c3e50ec95cb81f3a7936c8cf162f28050db8683e291c3861b46a0/cython-3.1.2-cp311-cp311-musllinux_1_2_i686.whl", hash = "sha256:ca45020950cd52d82189d6dfb6225737586be6fe7b0b9d3fadd7daca62eff531", size = 3386084, upload-time = "2025-06-09T07:09:42.206Z" },
    { url = "https://files.pythonhosted.org/packages/c8/95/2365937da44741ef0781bb9ecc1f8f52b38b65acb7293b5fc7c3eaee5346/cython-3.1.2-cp311-cp311-musllinux_1_2_x86_64.whl", hash = "sha256:aaae97d6d07610224be2b73a93e9e3dd85c09aedfd8e47054e3ef5a863387dae", size = 3309974, upload-time = "2025-06-09T07:09:44.801Z" },
    { url = "https://files.pythonhosted.org/packages/25/d6/ef8557d5e75cc57d55df579af4976935ee111a85bbee4a5b72354e257066/cython-3.1.2-py3-none-any.whl", hash = "sha256:d23fd7ffd7457205f08571a42b108a3cf993e83a59fe4d72b42e6fc592cf2639", size = 1224753, upload-time = "2025-06-09T07:08:44.849Z" },
]

[[package]]
name = "fake-bpy-module"
version = "20250630"
source = { registry = "https://pypi.org/simple" }
sdist = { url = "https://files.pythonhosted.org/packages/f0/5e/b956ac429e06a98f11f6316cdb7c94b86afd866b43923d0ca846964d34b0/fake_bpy_module-20250630.tar.gz", hash = "sha256:5d0e9cd6686aee1842fc63249f108dbd42374a5080ed513078900381658d7c00", size = 954936, upload-time = "2025-06-30T06:19:50.074Z" }
wheels = [
    { url = "https://files.pythonhosted.org/packages/b4/1a/dcdc4882c6f590b4f16fc118ef29115b718d786cd252d298e8faaf136ca7/fake_bpy_module-20250630-py3-none-any.whl", hash = "sha256:2f701fa3858c452b1bf44d19feb47a5b1d2c0cc02a17b61616009f2b9535aedc", size = 1081797, upload-time = "2025-06-30T06:19:47.812Z" },
]

[[package]]
name = "idna"
version = "3.10"
source = { registry = "https://pypi.org/simple" }
sdist = { url = "https://files.pythonhosted.org/packages/f1/70/7703c29685631f5a7590aa73f1f1d3fa9a380e654b86af429e0934a32f7d/idna-3.10.tar.gz", hash = "sha256:12f65c9b470abda6dc35cf8e63cc574b1c52b11df2c86030af0ac09b01b13ea9", size = 190490, upload-time = "2024-09-15T18:07:39.745Z" }
wheels = [
    { url = "https://files.pythonhosted.org/packages/76/c6/c88e154df9c4e1a2a66ccf0005a88dfb2650c1dffb6f5ce603dfbd452ce3/idna-3.10-py3-none-any.whl", hash = "sha256:946d195a0d259cbba61165e88e65941f16e9b36ea6ddb97f00452bae8b1287d3", size = 70442, upload-time = "2024-09-15T18:07:37.964Z" },
]

[[package]]
name = "numpy"
version = "1.26.4"
source = { registry = "https://pypi.org/simple" }
sdist = { url = "https://files.pythonhosted.org/packages/65/6e/09db70a523a96d25e115e71cc56a6f9031e7b8cd166c1ac8438307c14058/numpy-1.26.4.tar.gz", hash = "sha256:2a02aba9ed12e4ac4eb3ea9421c420301a0c6460d9830d74a9df87efa4912010", size = 15786129, upload-time = "2024-02-06T00:26:44.495Z" }
wheels = [
    { url = "https://files.pythonhosted.org/packages/11/57/baae43d14fe163fa0e4c47f307b6b2511ab8d7d30177c491960504252053/numpy-1.26.4-cp311-cp311-macosx_10_9_x86_64.whl", hash = "sha256:4c66707fabe114439db9068ee468c26bbdf909cac0fb58686a42a24de1760c71", size = 20630554, upload-time = "2024-02-05T23:51:50.149Z" },
    { url = "https://files.pythonhosted.org/packages/1a/2e/151484f49fd03944c4a3ad9c418ed193cfd02724e138ac8a9505d056c582/numpy-1.26.4-cp311-cp311-macosx_11_0_arm64.whl", hash = "sha256:edd8b5fe47dab091176d21bb6de568acdd906d1887a4584a15a9a96a1dca06ef", size = 13997127, upload-time = "2024-02-05T23:52:15.314Z" },
    { url = "https://files.pythonhosted.org/packages/79/ae/7e5b85136806f9dadf4878bf73cf223fe5c2636818ba3ab1c585d0403164/numpy-1.26.4-cp311-cp311-manylinux_2_17_aarch64.manylinux2014_aarch64.whl", hash = "sha256:7ab55401287bfec946ced39700c053796e7cc0e3acbef09993a9ad2adba6ca6e", size = 14222994, upload-time = "2024-02-05T23:52:47.569Z" },
    { url = "https://files.pythonhosted.org/packages/3a/d0/edc009c27b406c4f9cbc79274d6e46d634d139075492ad055e3d68445925/numpy-1.26.4-cp311-cp311-manylinux_2_17_x86_64.manylinux2014_x86_64.whl", hash = "sha256:666dbfb6ec68962c033a450943ded891bed2d54e6755e35e5835d63f4f6931d5", size = 18252005, upload-time = "2024-02-05T23:53:15.637Z" },
    { url = "https://files.pythonhosted.org/packages/09/bf/2b1aaf8f525f2923ff6cfcf134ae5e750e279ac65ebf386c75a0cf6da06a/numpy-1.26.4-cp311-cp311-musllinux_1_1_aarch64.whl", hash = "sha256:96ff0b2ad353d8f990b63294c8986f1ec3cb19d749234014f4e7eb0112ceba5a", size = 13885297, upload-time = "2024-02-05T23:53:42.16Z" },
    { url = "https://files.pythonhosted.org/packages/df/a0/4e0f14d847cfc2a633a1c8621d00724f3206cfeddeb66d35698c4e2cf3d2/numpy-1.26.4-cp311-cp311-musllinux_1_1_x86_64.whl", hash = "sha256:60dedbb91afcbfdc9bc0b1f3f402804070deed7392c23eb7a7f07fa857868e8a", size = 18093567, upload-time = "2024-02-05T23:54:11.696Z" },
]

[[package]]
name = "pycparser"
version = "2.22"
source = { registry = "https://pypi.org/simple" }
sdist = { url = "https://files.pythonhosted.org/packages/1d/b2/31537cf4b1ca988837256c910a668b553fceb8f069bedc4b1c826024b52c/pycparser-2.22.tar.gz", hash = "sha256:491c8be9c040f5390f5bf44a5b07752bd07f56edf992381b05c701439eec10f6", size = 172736, upload-time = "2024-03-30T13:22:22.564Z" }
wheels = [
    { url = "https://files.pythonhosted.org/packages/13/a3/a812df4e2dd5696d1f351d58b8fe16a405b234ad2886a0dab9183fb78109/pycparser-2.22-py3-none-any.whl", hash = "sha256:c3702b6d3dd8c7abc1afa565d7e63d53a1d0bd86cdc24edd75470f4de499cfcc", size = 117552, upload-time = "2024-03-30T13:22:20.476Z" },
]

[[package]]
name = "requests"
version = "2.32.4"
source = { registry = "https://pypi.org/simple" }
dependencies = [
    { name = "certifi", marker = "sys_platform == 'darwin' or sys_platform == 'linux'" },
    { name = "charset-normalizer", marker = "sys_platform == 'darwin' or sys_platform == 'linux'" },
    { name = "idna", marker = "sys_platform == 'darwin' or sys_platform == 'linux'" },
    { name = "urllib3", marker = "sys_platform == 'darwin' or sys_platform == 'linux'" },
]
sdist = { url = "https://files.pythonhosted.org/packages/e1/0a/929373653770d8a0d7ea76c37de6e41f11eb07559b103b1c02cafb3f7cf8/requests-2.32.4.tar.gz", hash = "sha256:27d0316682c8a29834d3264820024b62a36942083d52caf2f14c0591336d3422", size = 135258, upload-time = "2025-06-09T16:43:07.34Z" }
wheels = [
    { url = "https://files.pythonhosted.org/packages/7c/e4/56027c4a6b4ae70ca9de302488c5ca95ad4a39e190093d6c1a8ace08341b/requests-2.32.4-py3-none-any.whl", hash = "sha256:27babd3cda2a6d50b30443204ee89830707d396671944c998b5975b031ac2b2c", size = 64847, upload-time = "2025-06-09T16:43:05.728Z" },
]

[[package]]
name = "ruff"
version = "0.12.7"
source = { registry = "https://pypi.org/simple" }
sdist = { url = "https://files.pythonhosted.org/packages/a1/81/0bd3594fa0f690466e41bd033bdcdf86cba8288345ac77ad4afbe5ec743a/ruff-0.12.7.tar.gz", hash = "sha256:1fc3193f238bc2d7968772c82831a4ff69252f673be371fb49663f0068b7ec71", size = 5197814, upload-time = "2025-07-29T22:32:35.877Z" }
wheels = [
    { url = "https://files.pythonhosted.org/packages/e1/d2/6cb35e9c85e7a91e8d22ab32ae07ac39cc34a71f1009a6f9e4a2a019e602/ruff-0.12.7-py3-none-linux_armv6l.whl", hash = "sha256:76e4f31529899b8c434c3c1dede98c4483b89590e15fb49f2d46183801565303", size = 11852189, upload-time = "2025-07-29T22:31:41.281Z" },
    { url = "https://files.pythonhosted.org/packages/63/5b/a4136b9921aa84638f1a6be7fb086f8cad0fde538ba76bda3682f2599a2f/ruff-0.12.7-py3-none-macosx_10_12_x86_64.whl", hash = "sha256:789b7a03e72507c54fb3ba6209e4bb36517b90f1a3569ea17084e3fd295500fb", size = 12519389, upload-time = "2025-07-29T22:31:54.265Z" },
    { url = "https://files.pythonhosted.org/packages/a8/c9/3e24a8472484269b6b1821794141f879c54645a111ded4b6f58f9ab0705f/ruff-0.12.7-py3-none-macosx_11_0_arm64.whl", hash = "sha256:2e1c2a3b8626339bb6369116e7030a4cf194ea48f49b64bb505732a7fce4f4e3", size = 11743384, upload-time = "2025-07-29T22:31:59.575Z" },
    { url = "https://files.pythonhosted.org/packages/26/7c/458dd25deeb3452c43eaee853c0b17a1e84169f8021a26d500ead77964fd/ruff-0.12.7-py3-none-manylinux_2_17_aarch64.manylinux2014_aarch64.whl", hash = "sha256:32dec41817623d388e645612ec70d5757a6d9c035f3744a52c7b195a57e03860", size = 11943759, upload-time = "2025-07-29T22:32:01.95Z" },
    { url = "https://files.pythonhosted.org/packages/7f/8b/658798472ef260ca050e400ab96ef7e85c366c39cf3dfbef4d0a46a528b6/ruff-0.12.7-py3-none-manylinux_2_17_armv7l.manylinux2014_armv7l.whl", hash = "sha256:47ef751f722053a5df5fa48d412dbb54d41ab9b17875c6840a58ec63ff0c247c", size = 11654028, upload-time = "2025-07-29T22:32:04.367Z" },
    { url = "https://files.pythonhosted.org/packages/a8/86/9c2336f13b2a3326d06d39178fd3448dcc7025f82514d1b15816fe42bfe8/ruff-0.12.7-py3-none-manylinux_2_17_i686.manylinux2014_i686.whl", hash = "sha256:a828a5fc25a3efd3e1ff7b241fd392686c9386f20e5ac90aa9234a5faa12c423", size = 13225209, upload-time = "2025-07-29T22:32:06.952Z" },
    { url = "https://files.pythonhosted.org/packages/76/69/df73f65f53d6c463b19b6b312fd2391dc36425d926ec237a7ed028a90fc1/ruff-0.12.7-py3-none-manylinux_2_17_ppc64.manylinux2014_ppc64.whl", hash = "sha256:5726f59b171111fa6a69d82aef48f00b56598b03a22f0f4170664ff4d8298efb", size = 14182353, upload-time = "2025-07-29T22:32:10.053Z" },
    { url = "https://files.pythonhosted.org/packages/58/1e/de6cda406d99fea84b66811c189b5ea139814b98125b052424b55d28a41c/ruff-0.12.7-py3-none-manylinux_2_17_ppc64le.manylinux2014_ppc64le.whl", hash = "sha256:74e6f5c04c4dd4aba223f4fe6e7104f79e0eebf7d307e4f9b18c18362124bccd", size = 13631555, upload-time = "2025-07-29T22:32:12.644Z" },
    { url = "https://files.pythonhosted.org/packages/6f/ae/625d46d5164a6cc9261945a5e89df24457dc8262539ace3ac36c40f0b51e/ruff-0.12.7-py3-none-manylinux_2_17_s390x.manylinux2014_s390x.whl", hash = "sha256:5d0bfe4e77fba61bf2ccadf8cf005d6133e3ce08793bbe870dd1c734f2699a3e", size = 12667556, upload-time = "2025-07-29T22:32:15.312Z" },
    { url = "https://files.pythonhosted.org/packages/55/bf/9cb1ea5e3066779e42ade8d0cd3d3b0582a5720a814ae1586f85014656b6/ruff-0.12.7-py3-none-manylinux_2_17_x86_64.manylinux2014_x86_64.whl", hash = "sha256:06bfb01e1623bf7f59ea749a841da56f8f653d641bfd046edee32ede7ff6c606", size = 12939784, upload-time = "2025-07-29T22:32:17.69Z" },
    { url = "https://files.pythonhosted.org/packages/55/7f/7ead2663be5627c04be83754c4f3096603bf5e99ed856c7cd29618c691bd/ruff-0.12.7-py3-none-musllinux_1_2_aarch64.whl", hash = "sha256:e41df94a957d50083fd09b916d6e89e497246698c3f3d5c681c8b3e7b9bb4ac8", size = 11771356, upload-time = "2025-07-29T22:32:20.134Z" },
    { url = "https://files.pythonhosted.org/packages/17/40/a95352ea16edf78cd3a938085dccc55df692a4d8ba1b3af7accbe2c806b0/ruff-0.12.7-py3-none-musllinux_1_2_armv7l.whl", hash = "sha256:4000623300563c709458d0ce170c3d0d788c23a058912f28bbadc6f905d67afa", size = 11612124, upload-time = "2025-07-29T22:32:22.645Z" },
    { url = "https://files.pythonhosted.org/packages/4d/74/633b04871c669e23b8917877e812376827c06df866e1677f15abfadc95cb/ruff-0.12.7-py3-none-musllinux_1_2_i686.whl", hash = "sha256:69ffe0e5f9b2cf2b8e289a3f8945b402a1b19eff24ec389f45f23c42a3dd6fb5", size = 12479945, upload-time = "2025-07-29T22:32:24.765Z" },
    { url = "https://files.pythonhosted.org/packages/be/34/c3ef2d7799c9778b835a76189c6f53c179d3bdebc8c65288c29032e03613/ruff-0.12.7-py3-none-musllinux_1_2_x86_64.whl", hash = "sha256:a07a5c8ffa2611a52732bdc67bf88e243abd84fe2d7f6daef3826b59abbfeda4", size = 12998677, upload-time = "2025-07-29T22:32:27.022Z" },
]

[[package]]
name = "ty"
version = "0.0.1a17"
source = { registry = "https://pypi.org/simple" }
sdist = { url = "https://files.pythonhosted.org/packages/9a/59/f29cf1adc5c5dd6e739e08138dfa2435d3210841c6b6aa4d5bee7203cabf/ty-0.0.1a17.tar.gz", hash = "sha256:8bd0c5722c630b46a136ffc8f273f47d46cf00d9df2b0c72f1bfd28d1908a7c2", size = 4037064, upload-time = "2025-08-06T12:13:55.862Z" }
wheels = [
    { url = "https://files.pythonhosted.org/packages/71/76/1275e4b02a74dbff40408c608dcccb758245173bd794618dadcb092e384f/ty-0.0.1a17-py3-none-linux_armv6l.whl", hash = "sha256:c16b109f05ab34f084b98b9da84c795a23780c9a2f44c237464e52efc5f97139", size = 7970950, upload-time = "2025-08-06T12:13:24.031Z" },
    { url = "https://files.pythonhosted.org/packages/df/15/10947e3a0993b02acb563fa958fb9334937615195dbe6efd17c889d1925d/ty-0.0.1a17-py3-none-macosx_10_12_x86_64.whl", hash = "sha256:59e2db756b2b727723ebee58c2e00f172e00a60083a49c8522a19e81887dbc71", size = 8117684, upload-time = "2025-08-06T12:13:26.035Z" },
    { url = "https://files.pythonhosted.org/packages/c0/73/1f982b361b0f161dad3181739f6dc010252e17d5eb8eea625d88f03deb23/ty-0.0.1a17-py3-none-macosx_11_0_arm64.whl", hash = "sha256:79b6d76d64f86414d482f08e09433bedd3e489a1973fa1226b457d4935b592a3", size = 7721774, upload-time = "2025-08-06T12:13:27.528Z" },
    { url = "https://files.pythonhosted.org/packages/d2/fc/a8837d4c1e395730157b16f379f4204035bb75e3fc815a1238c02bab2655/ty-0.0.1a17-py3-none-manylinux_2_17_aarch64.manylinux2014_aarch64.whl", hash = "sha256:bdbc144e7d7a5c8dc102715870bf211b51efe581e952a933a0fcba2df9d6ac8d", size = 7841709, upload-time = "2025-08-06T12:13:29.726Z" },
    { url = "https://files.pythonhosted.org/packages/c4/ae/1f69a9aa9f3092c7c1e3bf8e8d2d3db4a7a03108432fc02af24e313c8deb/ty-0.0.1a17-py3-none-manylinux_2_17_armv7l.manylinux2014_armv7l.whl", hash = "sha256:677388fbe5b9e75764dd8b520eff9c3273f9749ece5425eb34e6fa1359430e3b", size = 7811651, upload-time = "2025-08-06T12:13:31.448Z" },
    { url = "https://files.pythonhosted.org/packages/f9/d8/561283da06dd8f7da44543af9e4a7fde1716f1fe174dde073f78ea291b35/ty-0.0.1a17-py3-none-manylinux_2_17_i686.manylinux2014_i686.whl", hash = "sha256:cdaa4baee9f559ee5bb36b66ad0635e2e4308c6937e8e655a4d4ae1bcf736ad0", size = 8702850, upload-time = "2025-08-06T12:13:34.484Z" },
    { url = "https://files.pythonhosted.org/packages/8a/10/da263a67fea576027b65d78a7d2a55d9829aa22b17e0e10d4201b8d6bd8c/ty-0.0.1a17-py3-none-manylinux_2_17_ppc64.manylinux2014_ppc64.whl", hash = "sha256:a0637f80301e7a961b87df2e01db22e8f764cd46d371a73b9a968e1894c334ab", size = 9188621, upload-time = "2025-08-06T12:13:36.206Z" },
    { url = "https://files.pythonhosted.org/packages/ef/e3/e0d2c55df43ecf1bd5f11859fd9f8dd8536643ce1433aec6b8c8bf3b2865/ty-0.0.1a17-py3-none-manylinux_2_17_ppc64le.manylinux2014_ppc64le.whl", hash = "sha256:749622726587e758fbbb530d1ab293b7489476cd5502c3ac5da5d6b042bb6a1b", size = 8795061, upload-time = "2025-08-06T12:13:37.99Z" },
    { url = "https://files.pythonhosted.org/packages/2d/3c/ad62544ad7982cb4029f7901953ede9a27c7f6a3afef207fef6a4c6ebfce/ty-0.0.1a17-py3-none-manylinux_2_17_s390x.manylinux2014_s390x.whl", hash = "sha256:5f1cb91c4b79127193829ab2d1bda79a86ab782fcbdf2988b5a3af37a44a7ae2", size = 8643000, upload-time = "2025-08-06T12:13:40.075Z" },
    { url = "https://files.pythonhosted.org/packages/c5/cb/029bf9f24bb5c5c7c4b139d1f131b19530303fcdd8141607a8d065a87f74/ty-0.0.1a17-py3-none-manylinux_2_17_x86_64.manylinux2014_x86_64.whl", hash = "sha256:7310e783c54f4f9b2380e050b2e992ccbebcf7e73748689f1d8408199cc5a14e", size = 8432265, upload-time = "2025-08-06T12:13:41.631Z" },
    { url = "https://files.pythonhosted.org/packages/ee/6c/b4c7ba46218953a822f17813ed2d86238a04ca7937de286841a2c18ff857/ty-0.0.1a17-py3-none-musllinux_1_2_aarch64.whl", hash = "sha256:96681e474600811066bf42e3e2cfac7603b7ca1da065fb4f852f94f3df9c944a", size = 7730711, upload-time = "2025-08-06T12:13:43.32Z" },
    { url = "https://files.pythonhosted.org/packages/74/fd/f3aa541e1b7e1d0becf9f28e44e986ae5eb556f827a5312011026938d197/ty-0.0.1a17-py3-none-musllinux_1_2_armv7l.whl", hash = "sha256:0ddc72485af203a70267c522ff6ab6cf648ea0a065a7fa542e9e9552c83cdaee", size = 7836927, upload-time = "2025-08-06T12:13:44.614Z" },
    { url = "https://files.pythonhosted.org/packages/94/06/7d8b4b52af385a20705cc063a7f9c144aae3b6aaef165ad2fcc029c9f755/ty-0.0.1a17-py3-none-musllinux_1_2_i686.whl", hash = "sha256:7b05f97cc5149b01cb979b9b6b2d773055fb482e490d7169d7c3a213de07ade5", size = 8304523, upload-time = "2025-08-06T12:13:45.983Z" },
    { url = "https://files.pythonhosted.org/packages/6d/a6/e14d4600339a6654e9ccc90ad9662a116f9544e0afb8d0abf1c99d6a2c2d/ty-0.0.1a17-py3-none-musllinux_1_2_x86_64.whl", hash = "sha256:8f80d9b5bc8681fe072ede10d4052035ec1f54c194532932e6c4230a2a5526e5", size = 8492400, upload-time = "2025-08-06T12:13:47.406Z" },
]

[[package]]
name = "urllib3"
version = "2.5.0"
source = { registry = "https://pypi.org/simple" }
sdist = { url = "https://files.pythonhosted.org/packages/15/22/9ee70a2574a4f4599c47dd506532914ce044817c7752a79b6a51286319bc/urllib3-2.5.0.tar.gz", hash = "sha256:3fc47733c7e419d4bc3f6b3dc2b4f890bb743906a30d56ba4a5bfa4bbff92760", size = 393185, upload-time = "2025-06-18T14:07:41.644Z" }
wheels = [
    { url = "https://files.pythonhosted.org/packages/a7/c2/fe1e52489ae3122415c51f387e221dd0773709bad6c6cdaa599e8a2c5185/urllib3-2.5.0-py3-none-any.whl", hash = "sha256:e6b01673c0fa6a13e374b50871808eb3bf7046c4b125b216f6bf1cc604cff0dc", size = 129795, upload-time = "2025-06-18T14:07:40.39Z" },
]

[[package]]
name = "zstandard"
version = "0.23.0"
source = { registry = "https://pypi.org/simple" }
dependencies = [
    { name = "cffi", marker = "(platform_python_implementation == 'PyPy' and sys_platform == 'darwin') or (platform_python_implementation == 'PyPy' and sys_platform == 'linux')" },
]
sdist = { url = "https://files.pythonhosted.org/packages/ed/f6/2ac0287b442160a89d726b17a9184a4c615bb5237db763791a7fd16d9df1/zstandard-0.23.0.tar.gz", hash = "sha256:b2d8c62d08e7255f68f7a740bae85b3c9b8e5466baa9cbf7f57f1cde0ac6bc09", size = 681701, upload-time = "2024-07-15T00:18:06.141Z" }
wheels = [
    { url = "https://files.pythonhosted.org/packages/9e/40/f67e7d2c25a0e2dc1744dd781110b0b60306657f8696cafb7ad7579469bd/zstandard-0.23.0-cp311-cp311-macosx_10_9_x86_64.whl", hash = "sha256:34895a41273ad33347b2fc70e1bff4240556de3c46c6ea430a7ed91f9042aa4e", size = 788699, upload-time = "2024-07-15T00:14:04.909Z" },
    { url = "https://files.pythonhosted.org/packages/e8/46/66d5b55f4d737dd6ab75851b224abf0afe5774976fe511a54d2eb9063a41/zstandard-0.23.0-cp311-cp311-macosx_11_0_arm64.whl", hash = "sha256:77ea385f7dd5b5676d7fd943292ffa18fbf5c72ba98f7d09fc1fb9e819b34c23", size = 633681, upload-time = "2024-07-15T00:14:13.99Z" },
    { url = "https://files.pythonhosted.org/packages/63/b6/677e65c095d8e12b66b8f862b069bcf1f1d781b9c9c6f12eb55000d57583/zstandard-0.23.0-cp311-cp311-manylinux_2_17_aarch64.manylinux2014_aarch64.whl", hash = "sha256:983b6efd649723474f29ed42e1467f90a35a74793437d0bc64a5bf482bedfa0a", size = 4944328, upload-time = "2024-07-15T00:14:16.588Z" },
    { url = "https://files.pythonhosted.org/packages/59/cc/e76acb4c42afa05a9d20827116d1f9287e9c32b7ad58cc3af0721ce2b481/zstandard-0.23.0-cp311-cp311-manylinux_2_17_ppc64le.manylinux2014_ppc64le.whl", hash = "sha256:80a539906390591dd39ebb8d773771dc4db82ace6372c4d41e2d293f8e32b8db", size = 5311955, upload-time = "2024-07-15T00:14:19.389Z" },
    { url = "https://files.pythonhosted.org/packages/78/e4/644b8075f18fc7f632130c32e8f36f6dc1b93065bf2dd87f03223b187f26/zstandard-0.23.0-cp311-cp311-manylinux_2_17_s390x.manylinux2014_s390x.whl", hash = "sha256:445e4cb5048b04e90ce96a79b4b63140e3f4ab5f662321975679b5f6360b90e2", size = 5344944, upload-time = "2024-07-15T00:14:22.173Z" },
    { url = "https://files.pythonhosted.org/packages/76/3f/dbafccf19cfeca25bbabf6f2dd81796b7218f768ec400f043edc767015a6/zstandard-0.23.0-cp311-cp311-manylinux_2_17_x86_64.manylinux2014_x86_64.whl", hash = "sha256:fd30d9c67d13d891f2360b2a120186729c111238ac63b43dbd37a5a40670b8ca", size = 5442927, upload-time = "2024-07-15T00:14:24.825Z" },
    { url = "https://files.pythonhosted.org/packages/0c/c3/d24a01a19b6733b9f218e94d1a87c477d523237e07f94899e1c10f6fd06c/zstandard-0.23.0-cp311-cp311-manylinux_2_5_i686.manylinux1_i686.manylinux_2_17_i686.manylinux2014_i686.whl", hash = "sha256:d20fd853fbb5807c8e84c136c278827b6167ded66c72ec6f9a14b863d809211c", size = 4864910, upload-time = "2024-07-15T00:14:26.982Z" },
    { url = "https://files.pythonhosted.org/packages/1c/a9/cf8f78ead4597264f7618d0875be01f9bc23c9d1d11afb6d225b867cb423/zstandard-0.23.0-cp311-cp311-musllinux_1_1_aarch64.whl", hash = "sha256:ed1708dbf4d2e3a1c5c69110ba2b4eb6678262028afd6c6fbcc5a8dac9cda68e", size = 4935544, upload-time = "2024-07-15T00:14:29.582Z" },
    { url = "https://files.pythonhosted.org/packages/2c/96/8af1e3731b67965fb995a940c04a2c20997a7b3b14826b9d1301cf160879/zstandard-0.23.0-cp311-cp311-musllinux_1_1_x86_64.whl", hash = "sha256:be9b5b8659dff1f913039c2feee1aca499cfbc19e98fa12bc85e037c17ec6ca5", size = 5467094, upload-time = "2024-07-15T00:14:40.126Z" },
    { url = "https://files.pythonhosted.org/packages/ff/57/43ea9df642c636cb79f88a13ab07d92d88d3bfe3e550b55a25a07a26d878/zstandard-0.23.0-cp311-cp311-musllinux_1_2_aarch64.whl", hash = "sha256:65308f4b4890aa12d9b6ad9f2844b7ee42c7f7a4fd3390425b242ffc57498f48", size = 4860440, upload-time = "2024-07-15T00:14:42.786Z" },
    { url = "https://files.pythonhosted.org/packages/46/37/edb78f33c7f44f806525f27baa300341918fd4c4af9472fbc2c3094be2e8/zstandard-0.23.0-cp311-cp311-musllinux_1_2_i686.whl", hash = "sha256:98da17ce9cbf3bfe4617e836d561e433f871129e3a7ac16d6ef4c680f13a839c", size = 4700091, upload-time = "2024-07-15T00:14:45.184Z" },
    { url = "https://files.pythonhosted.org/packages/c1/f1/454ac3962671a754f3cb49242472df5c2cced4eb959ae203a377b45b1a3c/zstandard-0.23.0-cp311-cp311-musllinux_1_2_ppc64le.whl", hash = "sha256:8ed7d27cb56b3e058d3cf684d7200703bcae623e1dcc06ed1e18ecda39fee003", size = 5208682, upload-time = "2024-07-15T00:14:47.407Z" },
    { url = "https://files.pythonhosted.org/packages/85/b2/1734b0fff1634390b1b887202d557d2dd542de84a4c155c258cf75da4773/zstandard-0.23.0-cp311-cp311-musllinux_1_2_s390x.whl", hash = "sha256:b69bb4f51daf461b15e7b3db033160937d3ff88303a7bc808c67bbc1eaf98c78", size = 5669707, upload-time = "2024-07-15T00:15:03.529Z" },
    { url = "https://files.pythonhosted.org/packages/52/5a/87d6971f0997c4b9b09c495bf92189fb63de86a83cadc4977dc19735f652/zstandard-0.23.0-cp311-cp311-musllinux_1_2_x86_64.whl", hash = "sha256:034b88913ecc1b097f528e42b539453fa82c3557e414b3de9d5632c80439a473", size = 5201792, upload-time = "2024-07-15T00:15:28.372Z" },
]
