version = 1
revision = 3
requires-python = "==3.11.*"
resolution-markers = [
    "sys_platform == 'darwin'",
    "sys_platform == 'linux'",
]
supported-markers = [
    "sys_platform == 'darwin'",
    "sys_platform == 'linux'",
]

[[package]]
name = "blender-pasty"
version = "0.0.0"
source = { virtual = "." }

[package.dev-dependencies]
build = [
    { name = "bpy", marker = "sys_platform == 'darwin' or sys_platform == 'linux'" },
]
dev = [
    { name = "debugpy", marker = "sys_platform == 'darwin' or sys_platform == 'linux'" },
    { name = "fake-bpy-module", marker = "sys_platform == 'darwin' or sys_platform == 'linux'" },
    { name = "ruff", marker = "sys_platform == 'darwin' or sys_platform == 'linux'" },
    { name = "ty", marker = "sys_platform == 'darwin' or sys_platform == 'linux'" },
]

[package.metadata]

[package.metadata.requires-dev]
build = [{ name = "bpy", specifier = "==4.2.*" }]
dev = [
    { name = "debugpy" },
    { name = "fake-bpy-module" },
    { name = "ruff" },
    { name = "ty" },
]

[[package]]
name = "bpy"
version = "4.2.21"
source = { registry = "https://pypi.org/simple" }
dependencies = [
    { name = "cython", marker = "sys_platform == 'darwin' or sys_platform == 'linux'" },
    { name = "numpy", marker = "sys_platform == 'darwin' or sys_platform == 'linux'" },
    { name = "requests", marker = "sys_platform == 'darwin' or sys_platform == 'linux'" },
    { name = "zstandard", marker = "sys_platform == 'darwin' or sys_platform == 'linux'" },
]
wheels = [
    { url = "https://files.pythonhosted.org/packages/22/6d/ea4ccbcb38fd08fb38a729b6549dba88f97d906cddd52632e1e2ce1190c7/bpy-4.2.21-cp311-cp311-macosx_11_0_arm64.whl", hash = "sha256:14a445d1dcf3e264e5a9236f73514f140ddbb6a865381c1f668097c4aa54c84d", size = 207940804, upload-time = "2026-05-19T16:08:27.127Z" },
    { url = "https://files.pythonhosted.org/packages/44/c4/d689cf227c7a308d9fdb4ae1fe4232a1a7c43cec06aae3cf9b011f346b88/bpy-4.2.21-cp311-cp311-macosx_11_0_x86_64.whl", hash = "sha256:450fcdff265b49e4027f11327bc38875c7e64b821be26217846429fb932ad6dc", size = 220998170, upload-time = "2026-05-19T16:07:45.205Z" },
    { url = "https://files.pythonhosted.org/packages/a5/d7/9b4fa60f6eae0201a795921252c346549faf5efc174f48f7bb221bab911a/bpy-4.2.21-cp311-cp311-manylinux_2_28_x86_64.whl", hash = "sha256:0d2f979a266f1582f6848ff44b873a911ff10c8f48c6a9a53367b6bec708117f", size = 350224528, upload-time = "2026-05-19T16:07:16.698Z" },
]

[[package]]
name = "certifi"
version = "2026.5.20"
source = { registry = "https://pypi.org/simple" }
sdist = { url = "https://files.pythonhosted.org/packages/f3/ce/ee2ecad540810a79593028e88299baeae54d346cc7a0d94b6199988b89b1/certifi-2026.5.20.tar.gz", hash = "sha256:69dea482ab64caa7b9f6aba1c6bf48bb6a5448d1c0f1b17ab42ad8c763a5344d", size = 135422, upload-time = "2026-05-20T11:46:50.073Z" }
wheels = [
    { url = "https://files.pythonhosted.org/packages/59/8c/57e832b7af6d7c5abe66eb3fbe3a3a32f4d11ea23a1aa7131371035be991/certifi-2026.5.20-py3-none-any.whl", hash = "sha256:3c52e209ba0a4ad7aebe60436a4ab349c39e1e602e8c134221e546902ad25897", size = 134134, upload-time = "2026-05-20T11:46:48.578Z" },
]

[[package]]
name = "charset-normalizer"
version = "3.4.7"
source = { registry = "https://pypi.org/simple" }
sdist = { url = "https://files.pythonhosted.org/packages/e7/a1/67fe25fac3c7642725500a3f6cfe5821ad557c3abb11c9d20d12c7008d3e/charset_normalizer-3.4.7.tar.gz", hash = "sha256:ae89db9e5f98a11a4bf50407d4363e7b09b31e55bc117b4f7d80aab97ba009e5", size = 144271, upload-time = "2026-04-02T09:28:39.342Z" }
wheels = [
    { url = "https://files.pythonhosted.org/packages/c2/d7/b5b7020a0565c2e9fa8c09f4b5fa6232feb326b8c20081ccded47ea368fd/charset_normalizer-3.4.7-cp311-cp311-macosx_10_9_universal2.whl", hash = "sha256:7641bb8895e77f921102f72833904dcd9901df5d6d72a2ab8f31d04b7e51e4e7", size = 309705, upload-time = "2026-04-02T09:26:02.191Z" },
    { url = "https://files.pythonhosted.org/packages/5a/53/58c29116c340e5456724ecd2fff4196d236b98f3da97b404bc5e51ac3493/charset_normalizer-3.4.7-cp311-cp311-manylinux2014_aarch64.manylinux_2_17_aarch64.manylinux_2_28_aarch64.whl", hash = "sha256:202389074300232baeb53ae2569a60901f7efadd4245cf3a3bf0617d60b439d7", size = 206419, upload-time = "2026-04-02T09:26:03.583Z" },
    { url = "https://files.pythonhosted.org/packages/b2/02/e8146dc6591a37a00e5144c63f29fb7c97a734ea8a111190783c0e60ab63/charset_normalizer-3.4.7-cp311-cp311-manylinux2014_ppc64le.manylinux_2_17_ppc64le.manylinux_2_28_ppc64le.whl", hash = "sha256:30b8d1d8c52a48c2c5690e152c169b673487a2a58de1ec7393196753063fcd5e", size = 227901, upload-time = "2026-04-02T09:26:04.738Z" },
    { url = "https://files.pythonhosted.org/packages/fb/73/77486c4cd58f1267bf17db420e930c9afa1b3be3fe8c8b8ebbebc9624359/charset_normalizer-3.4.7-cp311-cp311-manylinux2014_s390x.manylinux_2_17_s390x.manylinux_2_28_s390x.whl", hash = "sha256:532bc9bf33a68613fd7d65e4b1c71a6a38d7d42604ecf239c77392e9b4e8998c", size = 222742, upload-time = "2026-04-02T09:26:06.36Z" },
    { url = "https://files.pythonhosted.org/packages/a1/fa/f74eb381a7d94ded44739e9d94de18dc5edc9c17fb8c11f0a6890696c0a9/charset_normalizer-3.4.7-cp311-cp311-manylinux2014_x86_64.manylinux_2_17_x86_64.manylinux_2_28_x86_64.whl", hash = "sha256:2fe249cb4651fd12605b7288b24751d8bfd46d35f12a20b1ba33dea122e690df", size = 214061, upload-time = "2026-04-02T09:26:08.347Z" },
    { url = "https://files.pythonhosted.org/packages/dc/92/42bd3cefcf7687253fb86694b45f37b733c97f59af3724f356fa92b8c344/charset_normalizer-3.4.7-cp311-cp311-manylinux_2_31_armv7l.whl", hash = "sha256:65bcd23054beab4d166035cabbc868a09c1a49d1efe458fe8e4361215df40265", size = 199239, upload-time = "2026-04-02T09:26:09.823Z" },
    { url = "https://files.pythonhosted.org/packages/4c/3d/069e7184e2aa3b3cddc700e3dd267413dc259854adc3380421c805c6a17d/charset_normalizer-3.4.7-cp311-cp311-manylinux_2_31_riscv64.manylinux_2_39_riscv64.whl", hash = "sha256:08e721811161356f97b4059a9ba7bafb23ea5ee2255402c42881c214e173c6b4", size = 210173, upload-time = "2026-04-02T09:26:10.953Z" },
    { url = "https://files.pythonhosted.org/packages/62/51/9d56feb5f2e7074c46f93e0ebdbe61f0848ee246e2f0d89f8e20b89ebb8f/charset_normalizer-3.4.7-cp311-cp311-musllinux_1_2_aarch64.whl", hash = "sha256:e060d01aec0a910bdccb8be71faf34e7799ce36950f8294c8bf612cba65a2c9e", size = 209841, upload-time = "2026-04-02T09:26:12.142Z" },
    { url = "https://files.pythonhosted.org/packages/d2/59/893d8f99cc4c837dda1fe2f1139079703deb9f321aabcb032355de13b6c7/charset_normalizer-3.4.7-cp311-cp311-musllinux_1_2_armv7l.whl", hash = "sha256:38c0109396c4cfc574d502df99742a45c72c08eff0a36158b6f04000043dbf38", size = 200304, upload-time = "2026-04-02T09:26:13.711Z" },
    { url = "https://files.pythonhosted.org/packages/7d/1d/ee6f3be3464247578d1ed5c46de545ccc3d3ff933695395c402c21fa6b77/charset_normalizer-3.4.7-cp311-cp311-musllinux_1_2_ppc64le.whl", hash = "sha256:1c2a768fdd44ee4a9339a9b0b130049139b8ce3c01d2ce09f67f5a68048d477c", size = 229455, upload-time = "2026-04-02T09:26:14.941Z" },
    { url = "https://files.pythonhosted.org/packages/54/bb/8fb0a946296ea96a488928bdce8ef99023998c48e4713af533e9bb98ef07/charset_normalizer-3.4.7-cp311-cp311-musllinux_1_2_riscv64.whl", hash = "sha256:1a87ca9d5df6fe460483d9a5bbf2b18f620cbed41b432e2bddb686228282d10b", size = 210036, upload-time = "2026-04-02T09:26:16.478Z" },
    { url = "https://files.pythonhosted.org/packages/9a/bc/015b2387f913749f82afd4fcba07846d05b6d784dd16123cb66860e0237d/charset_normalizer-3.4.7-cp311-cp311-musllinux_1_2_s390x.whl", hash = "sha256:d635aab80466bc95771bb78d5370e74d36d1fe31467b6b29b8b57b2a3cd7d22c", size = 224739, upload-time = "2026-04-02T09:26:17.751Z" },
    { url = "https://files.pythonhosted.org/packages/17/ab/63133691f56baae417493cba6b7c641571a2130eb7bceba6773367ab9ec5/charset_normalizer-3.4.7-cp311-cp311-musllinux_1_2_x86_64.whl", hash = "sha256:ae196f021b5e7c78e918242d217db021ed2a6ace2bc6ae94c0fc596221c7f58d", size = 216277, upload-time = "2026-04-02T09:26:18.981Z" },
    { url = "https://files.pythonhosted.org/packages/db/8f/61959034484a4a7c527811f4721e75d02d653a35afb0b6054474d8185d4c/charset_normalizer-3.4.7-py3-none-any.whl", hash = "sha256:3dce51d0f5e7951f8bb4900c257dad282f49190fdbebecd4ba99bcc41fef404d", size = 61958, upload-time = "2026-04-02T09:28:37.794Z" },
]

[[package]]
name = "cython"
version = "3.2.5"
source = { registry = "https://pypi.org/simple" }
sdist = { url = "https://files.pythonhosted.org/packages/3f/3b/ebd94c8b85f8e41b5015a9ed94ee3df866024d480d05cd08b774684fb81d/cython-3.2.5.tar.gz", hash = "sha256:3dd42e4cf36ad15f265bdfec2337cc00c688c8eb6d374ffd13bb19437c27bba1", size = 3286381, upload-time = "2026-05-23T19:34:08.439Z" }
wheels = [
    { url = "https://files.pythonhosted.org/packages/29/d6/f300e5ff4569f706f174ca0eeaadff33c81f4191fe9829c54f261abeb405/cython-3.2.5-cp311-cp311-macosx_11_0_arm64.whl", hash = "sha256:5887c24ebd19604b7a76d8ea57446cb562a590f7f2557e5954a69aae38b3195e", size = 2962591, upload-time = "2026-05-23T19:34:32.497Z" },
    { url = "https://files.pythonhosted.org/packages/af/fa/f8dfa096cd792569fffc923bee371756426ffe5c7409db0a2f768d4b2ffc/cython-3.2.5-cp311-cp311-manylinux2014_aarch64.manylinux_2_17_aarch64.manylinux_2_28_aarch64.whl", hash = "sha256:56c97c5e43782ec9d9e66c465e253d2ccde0c578c364c46445efe484965524f0", size = 3255888, upload-time = "2026-05-23T19:34:35.072Z" },
    { url = "https://files.pythonhosted.org/packages/20/42/edf5d623ab3714605bbfc70064d81cb5746c7e5b7c084478853f13f6c7e1/cython-3.2.5-cp311-cp311-manylinux2014_x86_64.manylinux_2_17_x86_64.manylinux_2_28_x86_64.whl", hash = "sha256:75f5295dc1b32d084fec598f9507e6f264311d78c07da640bc9a05dc47f7ac2c", size = 3389129, upload-time = "2026-05-23T19:34:37.056Z" },
    { url = "https://files.pythonhosted.org/packages/a3/de/e3e0cf5704fe569d54b8cd5dc316c9fbf08b1b74728732f86e90168b7a3f/cython-3.2.5-cp39-abi3-macosx_10_9_x86_64.whl", hash = "sha256:224149d18d980e6ea5001b70fc7ce096c1891d59035dfa9cc5ede50f55804913", size = 2879054, upload-time = "2026-05-23T19:35:18.265Z" },
    { url = "https://files.pythonhosted.org/packages/3c/d1/0a6a8caa35c4c57a1f1866b1141c2d00c6af67f73edbe34b2baec6919ccf/cython-3.2.5-cp39-abi3-manylinux1_i686.manylinux_2_28_i686.manylinux_2_5_i686.whl", hash = "sha256:992a50e90d01813333752f374a4405863113059ec67102ab8d6a431a171ee328", size = 3210422, upload-time = "2026-05-23T19:35:20.641Z" },
    { url = "https://files.pythonhosted.org/packages/07/b8/2523398ec96bb0c9bf69ada625a2256a581940b09fe11fcd0029f26ef4ad/cython-3.2.5-cp39-abi3-manylinux2014_armv7l.manylinux_2_17_armv7l.manylinux_2_31_armv7l.whl", hash = "sha256:8d7b81e6a52a84a02993f01aa5873786ba1dd593c892d93d5fe9866da0bad297", size = 2863809, upload-time = "2026-05-23T19:35:22.416Z" },
    { url = "https://files.pythonhosted.org/packages/ff/3d/6b2f316d97bdb02283d79934e50da5cedfec65a536cdd3d69cc3a93486f9/cython-3.2.5-cp39-abi3-musllinux_1_2_aarch64.whl", hash = "sha256:34d21aeb08477c9173e8be7a566b19e880a7c8109ec6bb47a4b20cb680141114", size = 2992518, upload-time = "2026-05-23T19:35:24.737Z" },
    { url = "https://files.pythonhosted.org/packages/68/2c/c9238db1eba208e226d363c00c8b74bf531a6b40c75df2334baa85e142bf/cython-3.2.5-cp39-abi3-musllinux_1_2_armv7l.whl", hash = "sha256:c4c79e697db55f082a2d3ba97702e71881d5bb1f56f0a80fa338e69101e4c59b", size = 2886221, upload-time = "2026-05-23T19:35:26.64Z" },
    { url = "https://files.pythonhosted.org/packages/2d/15/229cc5c2ed92bb8b43c73a3d31c2b4eaf498409300c34a06d93147f7a42b/cython-3.2.5-cp39-abi3-musllinux_1_2_i686.whl", hash = "sha256:39acb30eba78ba6d995d5cf3d97d57d450663d93aac6f8b93753d2b89d768c60", size = 3226990, upload-time = "2026-05-23T19:35:28.979Z" },
    { url = "https://files.pythonhosted.org/packages/56/31/9c0024f2c772fc303f8cae2a204bcad2fedfaf921ba71cf13a878639432d/cython-3.2.5-cp39-abi3-musllinux_1_2_x86_64.whl", hash = "sha256:382122de8d6b6024fc374fabc3a2b14ba5860ed981c25055ed14fe44278b9dc7", size = 3111004, upload-time = "2026-05-23T19:35:30.957Z" },
    { url = "https://files.pythonhosted.org/packages/d4/5c/9cd909e6a8bb178e4e0f9a2a9227c8201a2be38abe45ada4a4c3e9154277/cython-3.2.5-py3-none-any.whl", hash = "sha256:dc1c8cebb7df5bce37f5f8dc1e5bf04313272a5973d50a55c0ec76c83812911b", size = 1257622, upload-time = "2026-05-23T19:34:05.163Z" },
]

[[package]]
name = "debugpy"
version = "1.8.20"
source = { registry = "https://pypi.org/simple" }
sdist = { url = "https://files.pythonhosted.org/packages/e0/b7/cd8080344452e4874aae67c40d8940e2b4d47b01601a8fd9f44786c757c7/debugpy-1.8.20.tar.gz", hash = "sha256:55bc8701714969f1ab89a6d5f2f3d40c36f91b2cbe2f65d98bf8196f6a6a2c33", size = 1645207, upload-time = "2026-01-29T23:03:28.199Z" }
wheels = [
    { url = "https://files.pythonhosted.org/packages/51/56/c3baf5cbe4dd77427fd9aef99fcdade259ad128feeb8a786c246adb838e5/debugpy-1.8.20-cp311-cp311-macosx_15_0_universal2.whl", hash = "sha256:eada6042ad88fa1571b74bd5402ee8b86eded7a8f7b827849761700aff171f1b", size = 2208318, upload-time = "2026-01-29T23:03:36.481Z" },
    { url = "https://files.pythonhosted.org/packages/9a/7d/4fa79a57a8e69fe0d9763e98d1110320f9ecd7f1f362572e3aafd7417c9d/debugpy-1.8.20-cp311-cp311-manylinux_2_34_x86_64.whl", hash = "sha256:7de0b7dfeedc504421032afba845ae2a7bcc32ddfb07dae2c3ca5442f821c344", size = 3171493, upload-time = "2026-01-29T23:03:37.775Z" },
    { url = "https://files.pythonhosted.org/packages/e0/c3/7f67dea8ccf8fdcb9c99033bbe3e90b9e7395415843accb81428c441be2d/debugpy-1.8.20-py2.py3-none-any.whl", hash = "sha256:5be9bed9ae3be00665a06acaa48f8329d2b9632f15fd09f6a9a8c8d9907e54d7", size = 5337658, upload-time = "2026-01-29T23:04:17.404Z" },
]

[[package]]
name = "fake-bpy-module"
version = "20260501"
source = { registry = "https://pypi.org/simple" }
sdist = { url = "https://files.pythonhosted.org/packages/15/cc/386fe67fc1e4406f915e2ca8dee6ef4fdf4846438d89e212bb420a7f2f24/fake_bpy_module-20260501.tar.gz", hash = "sha256:ff96946f8fc1592742e9a3379e3b289beb5443df7704a6f4500ba83f4ce108c7", size = 899538, upload-time = "2026-05-01T08:02:12.68Z" }
wheels = [
    { url = "https://files.pythonhosted.org/packages/d6/54/4a5e80073c6a194852100a020dfbcbddcb80d46e4c878547ab51b5508006/fake_bpy_module-20260501-py3-none-any.whl", hash = "sha256:7bf96430c7794ad6cbe265791d9b042b07d3104c3e5c8476f8e800fc32af0e08", size = 1044612, upload-time = "2026-05-01T08:02:10.903Z" },
]

[[package]]
name = "idna"
version = "3.17"
source = { registry = "https://pypi.org/simple" }
sdist = { url = "https://files.pythonhosted.org/packages/b9/28/99c51f664567218d824af024c0251650fb27e4ca066df188dab0769c5b91/idna-3.17.tar.gz", hash = "sha256:5eb0cb53bc467c12eadcf6de83163ad8527cec9416f44b9b61b19caedad2b87f", size = 196048, upload-time = "2026-05-28T14:32:38.55Z" }
wheels = [
    { url = "https://files.pythonhosted.org/packages/de/a7/f76514cc40ad6234098ecdebda08732d75964776c51a42845b7da10649e2/idna-3.17-py3-none-any.whl", hash = "sha256:466e48829084efe2548012b855df21540b96f2e20e51bd124c851536556a592c", size = 65316, upload-time = "2026-05-28T14:32:37.035Z" },
]

[[package]]
name = "numpy"
version = "2.4.6"
source = { registry = "https://pypi.org/simple" }
sdist = { url = "https://files.pythonhosted.org/packages/d0/ad/fed0499ce6a338d2a03ebae59cd15093910c8875328855781952abf6c2fe/numpy-2.4.6.tar.gz", hash = "sha256:f3a3570c4a2a16746ac2c31a7c7c7b0c186b95ce902e33db6f28094ed7387dda", size = 20735807, upload-time = "2026-05-18T23:37:14.07Z" }
wheels = [
    { url = "https://files.pythonhosted.org/packages/b3/49/ec46835a70be8fa6446c495126ac84fdb28cb2558e1620ffb87a10c8b64c/numpy-2.4.6-cp311-cp311-macosx_10_9_x86_64.whl", hash = "sha256:0280e0356c0829a18d9de1cb7eee50ec22ca639878d7240307ca0943d73cd2c4", size = 16969194, upload-time = "2026-05-18T23:33:13.503Z" },
    { url = "https://files.pythonhosted.org/packages/0e/0d/f5957185c0ee2f3e12f78715aa9e3b353fd83633316c8532b38faa37e3f6/numpy-2.4.6-cp311-cp311-macosx_11_0_arm64.whl", hash = "sha256:110f8b71aacb688ec69062bb7f6938a0f8acb01b7c1c4beb453c65b6d234584d", size = 14964111, upload-time = "2026-05-18T23:33:17.795Z" },
    { url = "https://files.pythonhosted.org/packages/ad/40/40a40ee0ddf7ceb782c49af278894b686e586d65d8c1889c8b5da01a3d7d/numpy-2.4.6-cp311-cp311-macosx_14_0_arm64.whl", hash = "sha256:4cfe66903cc32a9921a6733d96b19bb6abf310397581bbad89c228f5abaf0ee8", size = 5469159, upload-time = "2026-05-18T23:33:20.654Z" },
    { url = "https://files.pythonhosted.org/packages/63/13/f9a8046535cb21deae82f8d03de9617e08882d274fad2539630761888228/numpy-2.4.6-cp311-cp311-macosx_14_0_x86_64.whl", hash = "sha256:8155154c7c691289fe18f510b5d4657c68c67989f293f0535a91360392ff6538", size = 6798936, upload-time = "2026-05-18T23:33:22.987Z" },
    { url = "https://files.pythonhosted.org/packages/33/a8/6fa8c1a345a8c85dbb21932c447bee07c30a2c2a3f31e369c0a84b300147/numpy-2.4.6-cp311-cp311-manylinux_2_27_aarch64.manylinux_2_28_aarch64.whl", hash = "sha256:0ab0a9c4ffb1a6d95ef519fe4247dba8eb6b18ad93999f76b7f657039acabd47", size = 15966692, upload-time = "2026-05-18T23:33:26.62Z" },
    { url = "https://files.pythonhosted.org/packages/02/03/74fe2a4cb3817d94d86402f2506554130a2f01414e299b5a843e5a8a957f/numpy-2.4.6-cp311-cp311-manylinux_2_27_x86_64.manylinux_2_28_x86_64.whl", hash = "sha256:89cd468399cfd2504718f0ba50e410dca55a170b61a02ad92bb18c8a65186e93", size = 16918164, upload-time = "2026-05-18T23:33:29.955Z" },
    { url = "https://files.pythonhosted.org/packages/c5/80/3615be3313f7e7696609bc194b9f0101da809df79e859bdb84e0cd043f46/numpy-2.4.6-cp311-cp311-musllinux_1_2_aarch64.whl", hash = "sha256:c2d37ab77531417474168eb79d6d80b14f821a966818505d03013d0833edb7a8", size = 17322877, upload-time = "2026-05-18T23:33:34.724Z" },
    { url = "https://files.pythonhosted.org/packages/ca/ac/a691e0fe2675e370d0e08ff905adc49a1c8830e8cae03efe4477e92cd55d/numpy-2.4.6-cp311-cp311-musllinux_1_2_x86_64.whl", hash = "sha256:f407cb6b8e9d6d8c626bc73c945db1706035af8fd632295547bf1c9e46d092d6", size = 18651487, upload-time = "2026-05-18T23:33:38.217Z" },
    { url = "https://files.pythonhosted.org/packages/de/12/b422cc84439adc0d00de605bf4a308890ae5c26f2c71fbd73e5d08fbb0dd/numpy-2.4.6-pp311-pypy311_pp73-macosx_10_15_x86_64.whl", hash = "sha256:55cced7c52e981362f708ad635198e97a752dfba412cc03c23bbf3bd8d5cd662", size = 16847511, upload-time = "2026-05-18T23:36:50.673Z" },
    { url = "https://files.pythonhosted.org/packages/44/53/f481bef68011740f8849418d82db07230e825013f31f4eef5ba5b805316a/numpy-2.4.6-pp311-pypy311_pp73-macosx_11_0_arm64.whl", hash = "sha256:d6da64deb6b8ed903e7560180a92f2d804ee1ba5eeb849ac2748b8c1aba1f6d7", size = 14889064, upload-time = "2026-05-18T23:36:53.879Z" },
    { url = "https://files.pythonhosted.org/packages/7f/57/42ed575c10ced8af951d426bc4e1f8aff16fd851db33f067036215a7f860/numpy-2.4.6-pp311-pypy311_pp73-macosx_14_0_arm64.whl", hash = "sha256:68a5124b13fa6cc2086764a20005d30bc0548146f7f5322f02fce212ca14317f", size = 5394157, upload-time = "2026-05-18T23:36:57.194Z" },
    { url = "https://files.pythonhosted.org/packages/6a/ef/f66cc724fcc36c1e364c67f51ae9146090b8b584f27d58b97fdae3edd737/numpy-2.4.6-pp311-pypy311_pp73-macosx_14_0_x86_64.whl", hash = "sha256:948424b06129ce883307e8cff868c31396d8dc7630a59c61d70d98dbe70f222c", size = 6708728, upload-time = "2026-05-18T23:36:59.575Z" },
    { url = "https://files.pythonhosted.org/packages/1a/9c/c531f2293b91265d8b48e9b329f54fdd7ffae73cb4134ea10cca4237e9cc/numpy-2.4.6-pp311-pypy311_pp73-manylinux_2_27_aarch64.manylinux_2_28_aarch64.whl", hash = "sha256:5dbbdb29840ca3d91ee0fece42fc29278886d908280bfec0a5846c6f901a3eb0", size = 15798374, upload-time = "2026-05-18T23:37:02.674Z" },
    { url = "https://files.pythonhosted.org/packages/1a/b0/413077f6b1153ed3cba361401c6783bbad6114804a000cc22eb71c13e190/numpy-2.4.6-pp311-pypy311_pp73-manylinux_2_27_x86_64.manylinux_2_28_x86_64.whl", hash = "sha256:8ad03c0965fb3c692200e74d458ca28c1dbb4ce96f9a479a8aa041ad5fabca02", size = 16747286, upload-time = "2026-05-18T23:37:06.327Z" },
]

[[package]]
name = "requests"
version = "2.34.2"
source = { registry = "https://pypi.org/simple" }
dependencies = [
    { name = "certifi", marker = "sys_platform == 'darwin' or sys_platform == 'linux'" },
    { name = "charset-normalizer", marker = "sys_platform == 'darwin' or sys_platform == 'linux'" },
    { name = "idna", marker = "sys_platform == 'darwin' or sys_platform == 'linux'" },
    { name = "urllib3", marker = "sys_platform == 'darwin' or sys_platform == 'linux'" },
]
sdist = { url = "https://files.pythonhosted.org/packages/ac/c3/e2a2b89f2d3e2179abd6d00ebd70bff6273f37fb3e0cc209f48b39d00cbf/requests-2.34.2.tar.gz", hash = "sha256:f288924cae4e29463698d6d60bc6a4da69c89185ad1e0bcc4104f584e960b9ed", size = 142856, upload-time = "2026-05-14T19:25:27.735Z" }
wheels = [
    { url = "https://files.pythonhosted.org/packages/a0/f4/c67b0b3f1b9245e8d266f0f112c500d50e5b4e83cb6f3b71b6528104182a/requests-2.34.2-py3-none-any.whl", hash = "sha256:2a0d60c172f83ac6ab31e4554906c0f3b3588d37b5cb939b1c061f4907e278e0", size = 73075, upload-time = "2026-05-14T19:25:26.443Z" },
]

[[package]]
name = "ruff"
version = "0.15.15"
source = { registry = "https://pypi.org/simple" }
sdist = { url = "https://files.pythonhosted.org/packages/84/6f/a76f7d96e5c962f5b69cee865e49c15c1116897c01990faa8a57edb62e7f/ruff-0.15.15.tar.gz", hash = "sha256:b8dff018130b46d8e5bf0f926ef6b60cf871d6d5ae45fc9334e09632daa741d6", size = 4706985, upload-time = "2026-05-28T14:16:57.784Z" }
wheels = [
    { url = "https://files.pythonhosted.org/packages/fa/9d/3a45c05b8ab04b4705989de70a79008e27c8003296a0feaee9edc18dd7e9/ruff-0.15.15-py3-none-linux_armv6l.whl", hash = "sha256:cf93e5388f412e1b108b1f8b34a6e036b70fe8aff89393befad96fe48670311b", size = 10710652, upload-time = "2026-05-28T14:16:06.701Z" },
    { url = "https://files.pythonhosted.org/packages/05/66/da974431624bf3b49f6ee1f9543c02d929ff1cba78b0d5a79c38cf21f744/ruff-0.15.15-py3-none-macosx_10_12_x86_64.whl", hash = "sha256:ac5a646d1f6a7dadd5d50842dae2c1f9862ac887ef5d1b1375e02def791fde6e", size = 11096615, upload-time = "2026-05-28T14:16:23.313Z" },
    { url = "https://files.pythonhosted.org/packages/8c/09/7443452e5d290230a712103f2fdceeef7184f3ec99a2bd01c8be78aaceb5/ruff-0.15.15-py3-none-macosx_11_0_arm64.whl", hash = "sha256:77d955a431430c66f72dd94e379ad38a16daea3d25094872ac4edf9e797be530", size = 10436683, upload-time = "2026-05-28T14:16:40.974Z" },
    { url = "https://files.pythonhosted.org/packages/53/01/d330c26a57fa4f3943a14424904027428315b700fe4d14a84bb123a649e5/ruff-0.15.15-py3-none-manylinux_2_17_aarch64.manylinux2014_aarch64.whl", hash = "sha256:7614ee79c69788cf6cedd568069ade9cecc22a1ad20494efe8d0c9ebb4b622d4", size = 10769064, upload-time = "2026-05-28T14:16:28.905Z" },
    { url = "https://files.pythonhosted.org/packages/1d/85/cc8770f8bdff541b1da8392d1634141fe4a0e3f4ee596605959b7906c27f/ruff-0.15.15-py3-none-manylinux_2_17_armv7l.manylinux2014_armv7l.whl", hash = "sha256:3cdb1679e06a1f6b47bc384714ae96f6e2fb65ca441eb78c43d2ca554176ce1f", size = 10511987, upload-time = "2026-05-28T14:16:43.732Z" },
    { url = "https://files.pythonhosted.org/packages/7c/29/8c190c1472b63013583ba391f3342036e02010544c1270455ed8e519bdf3/ruff-0.15.15-py3-none-manylinux_2_17_i686.manylinux2014_i686.whl", hash = "sha256:2728b93d7b23a603ea2c0ac6eb73d760bd38ec9de35f35fb41e18f7a3fee7622", size = 11275100, upload-time = "2026-05-28T14:16:55.244Z" },
    { url = "https://files.pythonhosted.org/packages/9f/6b/7e145ce2cc8e63d6834eca03d83a0e18d121def5c69f91b4cf4011ed4879/ruff-0.15.15-py3-none-manylinux_2_17_ppc64le.manylinux2014_ppc64le.whl", hash = "sha256:be582fcc0db438902c7792b08d6ddf6c9b9e21addaa10092c2c741cfb09e5a45", size = 12176903, upload-time = "2026-05-28T14:16:14.368Z" },
    { url = "https://files.pythonhosted.org/packages/80/a3/d5974637f68e451f7fadf015cf3101d1cd7d8ba5027cffe0b9e3826ebe6b/ruff-0.15.15-py3-none-manylinux_2_17_s390x.manylinux2014_s390x.whl", hash = "sha256:7aa77465b8ecaf1a27bea098d696f7fed5e1eccbd10b321b682d6de586ae5627", size = 11404550, upload-time = "2026-05-28T14:16:20.138Z" },
    { url = "https://files.pythonhosted.org/packages/fe/1c/e6e5e568f22be4fb05d6244234aba384c06b451252453b821e1a529263cf/ruff-0.15.15-py3-none-manylinux_2_17_x86_64.manylinux2014_x86_64.whl", hash = "sha256:48decfa11d740de4889de623be1463308346312f2409a56e24aa280c86162dc4", size = 11382027, upload-time = "2026-05-28T14:16:46.615Z" },
    { url = "https://files.pythonhosted.org/packages/1d/01/170921b49fcd2e8858825593f91cf7146c3e40a5c3e6df763e4bb0484dde/ruff-0.15.15-py3-none-manylinux_2_31_riscv64.whl", hash = "sha256:a5015088452ca0081387063649ec67f06d3d1d6b8b936a1f836b5e9657ecd48c", size = 11366041, upload-time = "2026-05-28T14:16:26.247Z" },
    { url = "https://files.pythonhosted.org/packages/87/54/a7bad711d7de93254e15e06a4c375b89a03d18de45d3e5dcc86a4472fb1a/ruff-0.15.15-py3-none-musllinux_1_2_aarch64.whl", hash = "sha256:f5294aab6356c81600fcdea3a62bb1b924dfd5e91767c12318d3f68f86af57cd", size = 10741795, upload-time = "2026-05-28T14:16:17.11Z" },
    { url = "https://files.pythonhosted.org/packages/c9/31/38c075963668f8b41c6914ee0f6f318727fbe30ab9145cb29e6df464c5fa/ruff-0.15.15-py3-none-musllinux_1_2_armv7l.whl", hash = "sha256:db5bd4d802415cca656dc1616070b725952d6ae95eb5d4831e49fbd94a38f75f", size = 10511117, upload-time = "2026-05-28T14:16:31.767Z" },
    { url = "https://files.pythonhosted.org/packages/9d/96/6ff689e1f7e375d1d97075eca022f74c2bab59554a432fe4d2e6f091986a/ruff-0.15.15-py3-none-musllinux_1_2_i686.whl", hash = "sha256:587a6278ed42059191c1a466e490bd7930fb50bd2e255398bc29616c895a61cb", size = 10994867, upload-time = "2026-05-28T14:16:35.149Z" },
    { url = "https://files.pythonhosted.org/packages/c3/c2/5dce0ab9f92a8d534fa62b9bf9caca3eddb8c1a81b616f5e195ada4f0d6e/ruff-0.15.15-py3-none-musllinux_1_2_x86_64.whl", hash = "sha256:df0c1c084f5f4be9812f61518a45c440d3c30d69ce4bf6c5270e66d38338f02a", size = 11482101, upload-time = "2026-05-28T14:16:49.598Z" },
]

[[package]]
name = "ty"
version = "0.0.40"
source = { registry = "https://pypi.org/simple" }
sdist = { url = "https://files.pythonhosted.org/packages/5a/f8/a754c96967b71de8723f88be17df8738216bd382ffed229cd500b7a24d13/ty-0.0.40.tar.gz", hash = "sha256:883b53dd98f6e5b33ab1c8e1a3cd94b0f29c762ef22cdf1e86aaffb4fd711c67", size = 5726484, upload-time = "2026-05-27T17:55:43.615Z" }
wheels = [
    { url = "https://files.pythonhosted.org/packages/2c/42/d029a72165ad39f95228b67355927fbd35c821dc8e3e475d49f47c2eeb1e/ty-0.0.40-py3-none-linux_armv6l.whl", hash = "sha256:9defb4742450e569a6a09de286a04008d6c2e815112da4362c88b6eaa2f52a36", size = 11406372, upload-time = "2026-05-27T17:55:49.633Z" },
    { url = "https://files.pythonhosted.org/packages/23/99/7f8ea09b7e49afbf795cb3341a3217f30f228db7e62a2268ed8cbbf813d6/ty-0.0.40-py3-none-macosx_10_12_x86_64.whl", hash = "sha256:868258a3330db88b683fcafe2c4e936d6226a6312799bf15b585d93557b2d38c", size = 11159782, upload-time = "2026-05-27T17:55:47.405Z" },
    { url = "https://files.pythonhosted.org/packages/04/d8/1ea745ee97a98b26ae9564d19a430a76a35297cd450e84dcaad22e1f7ee8/ty-0.0.40-py3-none-macosx_11_0_arm64.whl", hash = "sha256:589c81060cf1e7a9ffa2f45bfa35ffd9b9fbd214104e3f13959f113627efcd91", size = 10594139, upload-time = "2026-05-27T17:55:37.206Z" },
    { url = "https://files.pythonhosted.org/packages/39/1a/fbef21273c6617ff4715b4827ee1c0b6550aa7d1df4b8c43b325545c1cf4/ty-0.0.40-py3-none-manylinux_2_17_aarch64.manylinux2014_aarch64.whl", hash = "sha256:7b06108990cb338d941c315ae6e9ba2fff8f518bc15d3f33e5619ff6a6c9beab", size = 11114156, upload-time = "2026-05-27T17:55:56.11Z" },
    { url = "https://files.pythonhosted.org/packages/3c/f9/389fc4976d7ec016a7473cf1274bf9c4f491bb54c66649bd022bff9f2b6a/ty-0.0.40-py3-none-manylinux_2_17_armv7l.manylinux2014_armv7l.whl", hash = "sha256:3913ef37336bec4f96bd2512f8c3a543ca34c259b7170f7eb5adf75b3ed7f04c", size = 11189050, upload-time = "2026-05-27T17:55:54.099Z" },
    { url = "https://files.pythonhosted.org/packages/fa/a9/4ecabbf4bdda7df0d99d8d3892c6edac0efc8c4cae756a5109178a3d0e86/ty-0.0.40-py3-none-manylinux_2_17_i686.manylinux2014_i686.whl", hash = "sha256:8fd1486bd5fe48779a8aa857137f3642a0a9161f5cf57d4380f4a0ecea01c8f3", size = 11664266, upload-time = "2026-05-27T17:55:28.17Z" },
    { url = "https://files.pythonhosted.org/packages/45/02/0aa78730116507c265afb1d6d5961c583b49d4c2e368c4a49fd81bcae6dc/ty-0.0.40-py3-none-manylinux_2_17_ppc64le.manylinux2014_ppc64le.whl", hash = "sha256:1668364d5254a734329917ee66c2c5fdd5665389d41043f6fce0f22ddb32b749", size = 12187743, upload-time = "2026-05-27T17:56:04.337Z" },
    { url = "https://files.pythonhosted.org/packages/e6/68/ccabf2d173523598271a385c1d3f864dbda23e5ebdc67f5969b9e830ea05/ty-0.0.40-py3-none-manylinux_2_17_s390x.manylinux2014_s390x.whl", hash = "sha256:43f77a73edb91e5dfa2ab9af7c4cac64614f8cc121f38a8875f22e830d3aba6a", size = 11862999, upload-time = "2026-05-27T17:55:58.087Z" },
    { url = "https://files.pythonhosted.org/packages/03/8d/6d7ec22771bb23d534797cdb446eb644bccfe7a62b729bb99e7235a02fc3/ty-0.0.40-py3-none-manylinux_2_17_x86_64.manylinux2014_x86_64.whl", hash = "sha256:1274ce0212ecbfed01bda7c3659c46e8bd0068e32d00c46c790466a95274c3df", size = 11743896, upload-time = "2026-05-27T17:56:00.017Z" },
    { url = "https://files.pythonhosted.org/packages/cd/a4/f9fa076b010c91cb249b1fcc3476569b7b8462cb4b688da2d04c23a0622f/ty-0.0.40-py3-none-manylinux_2_31_riscv64.whl", hash = "sha256:5ee1261dbc363e5cc1a0c5bb0c8612c192bfe53491214df8bc85a540835685f9", size = 11883581, upload-time = "2026-05-27T17:56:02.319Z" },
    { url = "https://files.pythonhosted.org/packages/fd/0f/5b776a2328c756d574dd4d6afbd30fc24e1ab4b76935c7c3c23f27ebbcb9/ty-0.0.40-py3-none-musllinux_1_2_aarch64.whl", hash = "sha256:6220e2cd5cdc4683dd87fb150d195bbd9f1a021395e04cb08bd3c66ea6da6ef8", size = 11093946, upload-time = "2026-05-27T17:55:33.284Z" },
    { url = "https://files.pythonhosted.org/packages/64/c4/eb23154bae83ad7c2935e9e5916660fb3e31598a92ee232aebd79410480c/ty-0.0.40-py3-none-musllinux_1_2_armv7l.whl", hash = "sha256:46b9ed69d01d98ef046afac9983c68336f572605ea2a27b90fbe6f80bfc8d6b7", size = 11210737, upload-time = "2026-05-27T17:55:45.523Z" },
    { url = "https://files.pythonhosted.org/packages/ff/19/1fb2529703f708cacfd13a89f98613cae2907dfa941b26976467e6119803/ty-0.0.40-py3-none-musllinux_1_2_i686.whl", hash = "sha256:ddbca9fab4406260f141674ab5efcfe7b02bd468e6985e4cdde0a21626e69ffe", size = 11332563, upload-time = "2026-05-27T17:55:41.674Z" },
    { url = "https://files.pythonhosted.org/packages/87/69/b3f5a8ef26c31204e0391147b3adcdb0674eda3e7d99868478ef168a41c6/ty-0.0.40-py3-none-musllinux_1_2_x86_64.whl", hash = "sha256:b1fcc082a749e6dc11b68fe9aab0420238bbf2a2374c2c7aa3c22e8c1618b136", size = 11843216, upload-time = "2026-05-27T17:55:35.367Z" },
]

[[package]]
name = "urllib3"
version = "2.7.0"
source = { registry = "https://pypi.org/simple" }
sdist = { url = "https://files.pythonhosted.org/packages/53/0c/06f8b233b8fd13b9e5ee11424ef85419ba0d8ba0b3138bf360be2ff56953/urllib3-2.7.0.tar.gz", hash = "sha256:231e0ec3b63ceb14667c67be60f2f2c40a518cb38b03af60abc813da26505f4c", size = 433602, upload-time = "2026-05-07T16:13:18.596Z" }
wheels = [
    { url = "https://files.pythonhosted.org/packages/7f/3e/5db95bcf282c52709639744ca2a8b149baccf648e39c8cc87553df9eae0c/urllib3-2.7.0-py3-none-any.whl", hash = "sha256:9fb4c81ebbb1ce9531cce37674bbc6f1360472bc18ca9a553ede278ef7276897", size = 131087, upload-time = "2026-05-07T16:13:17.151Z" },
]

[[package]]
name = "zstandard"
version = "0.25.0"
source = { registry = "https://pypi.org/simple" }
sdist = { url = "https://files.pythonhosted.org/packages/fd/aa/3e0508d5a5dd96529cdc5a97011299056e14c6505b678fd58938792794b1/zstandard-0.25.0.tar.gz", hash = "sha256:7713e1179d162cf5c7906da876ec2ccb9c3a9dcbdffef0cc7f70c3667a205f0b", size = 711513, upload-time = "2025-09-14T22:15:54.002Z" }
wheels = [
    { url = "https://files.pythonhosted.org/packages/2a/83/c3ca27c363d104980f1c9cee1101cc8ba724ac8c28a033ede6aab89585b1/zstandard-0.25.0-cp311-cp311-macosx_10_9_x86_64.whl", hash = "sha256:933b65d7680ea337180733cf9e87293cc5500cc0eb3fc8769f4d3c88d724ec5c", size = 795254, upload-time = "2025-09-14T22:16:26.137Z" },
    { url = "https://files.pythonhosted.org/packages/ac/4d/e66465c5411a7cf4866aeadc7d108081d8ceba9bc7abe6b14aa21c671ec3/zstandard-0.25.0-cp311-cp311-macosx_11_0_arm64.whl", hash = "sha256:a3f79487c687b1fc69f19e487cd949bf3aae653d181dfb5fde3bf6d18894706f", size = 640559, upload-time = "2025-09-14T22:16:27.973Z" },
    { url = "https://files.pythonhosted.org/packages/12/56/354fe655905f290d3b147b33fe946b0f27e791e4b50a5f004c802cb3eb7b/zstandard-0.25.0-cp311-cp311-manylinux2010_i686.manylinux2014_i686.manylinux_2_12_i686.manylinux_2_17_i686.whl", hash = "sha256:0bbc9a0c65ce0eea3c34a691e3c4b6889f5f3909ba4822ab385fab9057099431", size = 5348020, upload-time = "2025-09-14T22:16:29.523Z" },
    { url = "https://files.pythonhosted.org/packages/3b/13/2b7ed68bd85e69a2069bcc72141d378f22cae5a0f3b353a2c8f50ef30c1b/zstandard-0.25.0-cp311-cp311-manylinux2014_aarch64.manylinux_2_17_aarch64.whl", hash = "sha256:01582723b3ccd6939ab7b3a78622c573799d5d8737b534b86d0e06ac18dbde4a", size = 5058126, upload-time = "2025-09-14T22:16:31.811Z" },
    { url = "https://files.pythonhosted.org/packages/c9/dd/fdaf0674f4b10d92cb120ccff58bbb6626bf8368f00ebfd2a41ba4a0dc99/zstandard-0.25.0-cp311-cp311-manylinux2014_ppc64le.manylinux_2_17_ppc64le.whl", hash = "sha256:5f1ad7bf88535edcf30038f6919abe087f606f62c00a87d7e33e7fc57cb69fcc", size = 5405390, upload-time = "2025-09-14T22:16:33.486Z" },
    { url = "https://files.pythonhosted.org/packages/0f/67/354d1555575bc2490435f90d67ca4dd65238ff2f119f30f72d5cde09c2ad/zstandard-0.25.0-cp311-cp311-manylinux2014_s390x.manylinux_2_17_s390x.whl", hash = "sha256:06acb75eebeedb77b69048031282737717a63e71e4ae3f77cc0c3b9508320df6", size = 5452914, upload-time = "2025-09-14T22:16:35.277Z" },
    { url = "https://files.pythonhosted.org/packages/bb/1f/e9cfd801a3f9190bf3e759c422bbfd2247db9d7f3d54a56ecde70137791a/zstandard-0.25.0-cp311-cp311-manylinux2014_x86_64.manylinux_2_17_x86_64.whl", hash = "sha256:9300d02ea7c6506f00e627e287e0492a5eb0371ec1670ae852fefffa6164b072", size = 5559635, upload-time = "2025-09-14T22:16:37.141Z" },
    { url = "https://files.pythonhosted.org/packages/21/88/5ba550f797ca953a52d708c8e4f380959e7e3280af029e38fbf47b55916e/zstandard-0.25.0-cp311-cp311-musllinux_1_1_aarch64.whl", hash = "sha256:bfd06b1c5584b657a2892a6014c2f4c20e0db0208c159148fa78c65f7e0b0277", size = 5048277, upload-time = "2025-09-14T22:16:38.807Z" },
    { url = "https://files.pythonhosted.org/packages/46/c0/ca3e533b4fa03112facbe7fbe7779cb1ebec215688e5df576fe5429172e0/zstandard-0.25.0-cp311-cp311-musllinux_1_1_x86_64.whl", hash = "sha256:f373da2c1757bb7f1acaf09369cdc1d51d84131e50d5fa9863982fd626466313", size = 5574377, upload-time = "2025-09-14T22:16:40.523Z" },
    { url = "https://files.pythonhosted.org/packages/12/9b/3fb626390113f272abd0799fd677ea33d5fc3ec185e62e6be534493c4b60/zstandard-0.25.0-cp311-cp311-musllinux_1_2_aarch64.whl", hash = "sha256:6c0e5a65158a7946e7a7affa6418878ef97ab66636f13353b8502d7ea03c8097", size = 4961493, upload-time = "2025-09-14T22:16:43.3Z" },
    { url = "https://files.pythonhosted.org/packages/cb/d3/23094a6b6a4b1343b27ae68249daa17ae0651fcfec9ed4de09d14b940285/zstandard-0.25.0-cp311-cp311-musllinux_1_2_i686.whl", hash = "sha256:c8e167d5adf59476fa3e37bee730890e389410c354771a62e3c076c86f9f7778", size = 5269018, upload-time = "2025-09-14T22:16:45.292Z" },
    { url = "https://files.pythonhosted.org/packages/8c/a7/bb5a0c1c0f3f4b5e9d5b55198e39de91e04ba7c205cc46fcb0f95f0383c1/zstandard-0.25.0-cp311-cp311-musllinux_1_2_ppc64le.whl", hash = "sha256:98750a309eb2f020da61e727de7d7ba3c57c97cf6213f6f6277bb7fb42a8e065", size = 5443672, upload-time = "2025-09-14T22:16:47.076Z" },
    { url = "https://files.pythonhosted.org/packages/27/22/503347aa08d073993f25109c36c8d9f029c7d5949198050962cb568dfa5e/zstandard-0.25.0-cp311-cp311-musllinux_1_2_s390x.whl", hash = "sha256:22a086cff1b6ceca18a8dd6096ec631e430e93a8e70a9ca5efa7561a00f826fa", size = 5822753, upload-time = "2025-09-14T22:16:49.316Z" },
    { url = "https://files.pythonhosted.org/packages/e2/be/94267dc6ee64f0f8ba2b2ae7c7a2df934a816baaa7291db9e1aa77394c3c/zstandard-0.25.0-cp311-cp311-musllinux_1_2_x86_64.whl", hash = "sha256:72d35d7aa0bba323965da807a462b0966c91608ef3a48ba761678cb20ce5d8b7", size = 5366047, upload-time = "2025-09-14T22:16:51.328Z" },
]
